// !$*UTF8*$!
{
	archiveVersion = 1;
	classes = {
	};
	objectVersion = 56;
	objects = {

/* Begin PBXBuildFile section */
		357FBB622B264F540090F785 /* AppDelegate.swift in Sources */ = {isa = PBXBuildFile; fileRef = 357FBB612B264F540090F785 /* AppDelegate.swift */; };
		357FBB642B264F540090F785 /* SceneDelegate.swift in Sources */ = {isa = PBXBuildFile; fileRef = 357FBB632B264F540090F785 /* SceneDelegate.swift */; };
		357FBB662B264F540090F785 /* ViewController.swift in Sources */ = {isa = PBXBuildFile; fileRef = 357FBB652B264F540090F785 /* ViewController.swift */; };
		357FBB692B264F540090F785 /* Main.storyboard in Resources */ = {isa = PBXBuildFile; fileRef = 357FBB672B264F540090F785 /* Main.storyboard */; };
		357FBB6C2B264F540090F785 /* TextCrypt.xcdatamodeld in Sources */ = {isa = PBXBuildFile; fileRef = 357FBB6A2B264F540090F785 /* TextCrypt.xcdatamodeld */; };
		357FBB6E2B264F560090F785 /* Assets.xcassets in Resources */ = {isa = PBXBuildFile; fileRef = 357FBB6D2B264F560090F785 /* Assets.xcassets */; };
		357FBB712B264F560090F785 /* LaunchScreen.storyboard in Resources */ = {isa = PBXBuildFile; fileRef = 357FBB6F2B264F560090F785 /* LaunchScreen.storyboard */; };
		357FBB7C2B264F560090F785 /* TextCryptTests.swift in Sources */ = {isa = PBXBuildFile; fileRef = 357FBB7B2B264F560090F785 /* TextCryptTests.swift */; };
		357FBB862B264F560090F785 /* TextCryptUITests.swift in Sources */ = {isa = PBXBuildFile; fileRef = 357FBB852B264F560090F785 /* TextCryptUITests.swift */; };
		357FBB882B264F560090F785 /* TextCryptUITestsLaunchTests.swift in Sources */ = {isa = PBXBuildFile; fileRef = 357FBB872B264F560090F785 /* TextCryptUITestsLaunchTests.swift */; };
		357FBB952B264F820090F785 /* NoteDetailViewController.swift in Sources */ = {isa = PBXBuildFile; fileRef = 357FBB942B264F820090F785 /* NoteDetailViewController.swift */; };
		35AC3CE32B2F1EB500782A14 /* TableViewCell.swift in Sources */ = {isa = PBXBuildFile; fileRef = 35AC3CE22B2F1EB500782A14 /* TableViewCell.swift */; };
/* End PBXBuildFile section */

/* Begin PBXContainerItemProxy section */
		357FBB782B264F560090F785 /* PBXContainerItemProxy */ = {
			isa = PBXContainerItemProxy;
			containerPortal = 357FBB562B264F540090F785 /* Project object */;
			proxyType = 1;
			remoteGlobalIDString = 357FBB5D2B264F540090F785;
			remoteInfo = TextCrypt;
		};
		357FBB822B264F560090F785 /* PBXContainerItemProxy */ = {
			isa = PBXContainerItemProxy;
			containerPortal = 357FBB562B264F540090F785 /* Project object */;
			proxyType = 1;
			remoteGlobalIDString = 357FBB5D2B264F540090F785;
			remoteInfo = TextCrypt;
		};
/* End PBXContainerItemProxy section */

/* Begin PBXFileReference section */
		357FBB5E2B264F540090F785 /* TextCrypt.app */ = {isa = PBXFileReference; explicitFileType = wrapper.application; includeInIndex = 0; path = TextCrypt.app; sourceTree = BUILT_PRODUCTS_DIR; };
		357FBB612B264F540090F785 /* AppDelegate.swift */ = {isa = PBXFileReference; lastKnownFileType = sourcecode.swift; path = AppDelegate.swift; sourceTree = "<group>"; };
		357FBB632B264F540090F785 /* SceneDelegate.swift */ = {isa = PBXFileReference; lastKnownFileType = sourcecode.swift; path = SceneDelegate.swift; sourceTree = "<group>"; };
		357FBB652B264F540090F785 /* ViewController.swift */ = {isa = PBXFileReference; lastKnownFileType = sourcecode.swift; path = ViewController.swift; sourceTree = "<group>"; };
		357FBB682B264F540090F785 /* Base */ = {isa = PBXFileReference; lastKnownFileType = file.storyboard; name = Base; path = Base.lproj/Main.storyboard; sourceTree = "<group>"; };
		357FBB6B2B264F540090F785 /* TextCrypt.xcdatamodel */ = {isa = PBXFileReference; lastKnownFileType = wrapper.xcdatamodel; path = TextCrypt.xcdatamodel; sourceTree = "<group>"; };
		357FBB6D2B264F560090F785 /* Assets.xcassets */ = {isa = PBXFileReference; lastKnownFileType = folder.assetcatalog; path = Assets.xcassets; sourceTree = "<group>"; };
		357FBB702B264F560090F785 /* Base */ = {isa = PBXFileReference; lastKnownFileType = file.storyboard; name = Base; path = Base.lproj/LaunchScreen.storyboard; sourceTree = "<group>"; };
		357FBB722B264F560090F785 /* Info.plist */ = {isa = PBXFileReference; lastKnownFileType = text.plist.xml; path = Info.plist; sourceTree = "<group>"; };
		357FBB772B264F560090F785 /* TextCryptTests.xctest */ = {isa = PBXFileReference; explicitFileType = wrapper.cfbundle; includeInIndex = 0; path = TextCryptTests.xctest; sourceTree = BUILT_PRODUCTS_DIR; };
		357FBB7B2B264F560090F785 /* TextCryptTests.swift */ = {isa = PBXFileReference; lastKnownFileType = sourcecode.swift; path = TextCryptTests.swift; sourceTree = "<group>"; };
		357FBB812B264F560090F785 /* TextCryptUITests.xctest */ = {isa = PBXFileReference; explicitFileType = wrapper.cfbundle; includeInIndex = 0; path = TextCryptUITests.xctest; sourceTree = BUILT_PRODUCTS_DIR; };
		357FBB852B264F560090F785 /* TextCryptUITests.swift */ = {isa = PBXFileReference; lastKnownFileType = sourcecode.swift; path = TextCryptUITests.swift; sourceTree = "<group>"; };
		357FBB872B264F560090F785 /* TextCryptUITestsLaunchTests.swift */ = {isa = PBXFileReference; lastKnownFileType = sourcecode.swift; path = TextCryptUITestsLaunchTests.swift; sourceTree = "<group>"; };
		357FBB942B264F820090F785 /* NoteDetailViewController.swift */ = {isa = PBXFileReference; lastKnownFileType = sourcecode.swift; path = NoteDetailViewController.swift; sourceTree = "<group>"; };
		35AC3CE22B2F1EB500782A14 /* TableViewCell.swift */ = {isa = PBXFileReference; lastKnownFileType = sourcecode.swift; path = TableViewCell.swift; sourceTree = "<group>"; };
/* End PBXFileReference section */

/* Begin PBXFrameworksBuildPhase section */
		357FBB5B2B264F540090F785 /* Frameworks */ = {
			isa = PBXFrameworksBuildPhase;
			buildActionMask = 2147483647;
			files = (
			);
			runOnlyForDeploymentPostprocessing = 0;
		};
		357FBB742B264F560090F785 /* Frameworks */ = {
			isa = PBXFrameworksBuildPhase;
			buildActionMask = 2147483647;
			files = (
			);
			runOnlyForDeploymentPostprocessing = 0;
		};
		357FBB7E2B264F560090F785 /* Frameworks */ = {
			isa = PBXFrameworksBuildPhase;
			buildActionMask = 2147483647;
			files = (
			);
			runOnlyForDeploymentPostprocessing = 0;
		};
/* End PBXFrameworksBuildPhase section */

/* Begin PBXGroup section */
		357FBB552B264F540090F785 = {
			isa = PBXGroup;
			children = (
				357FBB602B264F540090F785 /* TextCrypt */,
				357FBB7A2B264F560090F785 /* TextCryptTests */,
				357FBB842B264F560090F785 /* TextCryptUITests */,
				357FBB5F2B264F540090F785 /* Products */,
			);
			sourceTree = "<group>";
		};
		357FBB5F2B264F540090F785 /* Products */ = {
			isa = PBXGroup;
			children = (
				357FBB5E2B264F540090F785 /* TextCrypt.app */,
				357FBB772B264F560090F785 /* TextCryptTests.xctest */,
				357FBB812B264F560090F785 /* TextCryptUITests.xctest */,
			);
			name = Products;
			sourceTree = "<group>";
		};
		357FBB602B264F540090F785 /* TextCrypt */ = {
			isa = PBXGroup;
			children = (
				357FBB612B264F540090F785 /* AppDelegate.swift */,
				357FBB632B264F540090F785 /* SceneDelegate.swift */,
				357FBB652B264F540090F785 /* ViewController.swift */,
				357FBB942B264F820090F785 /* NoteDetailViewController.swift */,
				35AC3CE22B2F1EB500782A14 /* TableViewCell.swift */,
				357FBB672B264F540090F785 /* Main.storyboard */,
				357FBB6D2B264F560090F785 /* Assets.xcassets */,
				357FBB6F2B264F560090F785 /* LaunchScreen.storyboard */,
				357FBB722B264F560090F785 /* Info.plist */,
				357FBB6A2B264F540090F785 /* TextCrypt.xcdatamodeld */,
			);
			path = TextCrypt;
			sourceTree = "<group>";
		};
		357FBB7A2B264F560090F785 /* TextCryptTests */ = {
			isa = PBXGroup;
			children = (
				357FBB7B2B264F560090F785 /* TextCryptTests.swift */,
			);
			path = TextCryptTests;
			sourceTree = "<group>";
		};
		357FBB842B264F560090F785 /* TextCryptUITests */ = {
			isa = PBXGroup;
			children = (
				357FBB852B264F560090F785 /* TextCryptUITests.swift */,
				357FBB872B264F560090F785 /* TextCryptUITestsLaunchTests.swift */,
			);
			path = TextCryptUITests;
			sourceTree = "<group>";
		};
/* End PBXGroup section */

/* Begin PBXNativeTarget section */
		357FBB5D2B264F540090F785 /* TextCrypt */ = {
			isa = PBXNativeTarget;
			buildConfigurationList = 357FBB8B2B264F560090F785 /* Build configuration list for PBXNativeTarget "TextCrypt" */;
			buildPhases = (
				357FBB5A2B264F540090F785 /* Sources */,
				357FBB5B2B264F540090F785 /* Frameworks */,
				357FBB5C2B264F540090F785 /* Resources */,
			);
			buildRules = (
			);
			dependencies = (
			);
			name = TextCrypt;
			productName = TextCrypt;
			productReference = 357FBB5E2B264F540090F785 /* TextCrypt.app */;
			productType = "com.apple.product-type.application";
		};
		357FBB762B264F560090F785 /* TextCryptTests */ = {
			isa = PBXNativeTarget;
			buildConfigurationList = 357FBB8E2B264F560090F785 /* Build configuration list for PBXNativeTarget "TextCryptTests" */;
			buildPhases = (
				357FBB732B264F560090F785 /* Sources */,
				357FBB742B264F560090F785 /* Frameworks */,
				357FBB752B264F560090F785 /* Resources */,
			);
			buildRules = (
			);
			dependencies = (
				357FBB792B264F560090F785 /* PBXTargetDependency */,
			);
			name = TextCryptTests;
			productName = TextCryptTests;
			productReference = 357FBB772B264F560090F785 /* TextCryptTests.xctest */;
			productType = "com.apple.product-type.bundle.unit-test";
		};
		357FBB802B264F560090F785 /* TextCryptUITests */ = {
			isa = PBXNativeTarget;
			buildConfigurationList = 357FBB912B264F560090F785 /* Build configuration list for PBXNativeTarget "TextCryptUITests" */;
			buildPhases = (
				357FBB7D2B264F560090F785 /* Sources */,
				357FBB7E2B264F560090F785 /* Frameworks */,
				357FBB7F2B264F560090F785 /* Resources */,
			);
			buildRules = (
			);
			dependencies = (
				357FBB832B264F560090F785 /* PBXTargetDependency */,
			);
			name = TextCryptUITests;
			productName = TextCryptUITests;
			productReference = 357FBB812B264F560090F785 /* TextCryptUITests.xctest */;
			productType = "com.apple.product-type.bundle.ui-testing";
		};
/* End PBXNativeTarget section */

/* Begin PBXProject section */
		357FBB562B264F540090F785 /* Project object */ = {
			isa = PBXProject;
			attributes = {
				BuildIndependentTargetsInParallel = 1;
				LastSwiftUpdateCheck = 1500;
				LastUpgradeCheck = 1500;
				TargetAttributes = {
					357FBB5D2B264F540090F785 = {
						CreatedOnToolsVersion = 15.0.1;
					};
					357FBB762B264F560090F785 = {
						CreatedOnToolsVersion = 15.0.1;
						TestTargetID = 357FBB5D2B264F540090F785;
					};
					357FBB802B264F560090F785 = {
						CreatedOnToolsVersion = 15.0.1;
						TestTargetID = 357FBB5D2B264F540090F785;
					};
				};
			};
			buildConfigurationList = 357FBB592B264F540090F785 /* Build configuration list for PBXProject "TextCrypt" */;
			compatibilityVersion = "Xcode 14.0";
			developmentRegion = en;
			hasScannedForEncodings = 0;
			knownRegions = (
				en,
				Base,
			);
			mainGroup = 357FBB552B264F540090F785;
			productRefGroup = 357FBB5F2B264F540090F785 /* Products */;
			projectDirPath = "";
			projectRoot = "";
			targets = (
				357FBB5D2B264F540090F785 /* TextCrypt */,
				357FBB762B264F560090F785 /* TextCryptTests */,
				357FBB802B264F560090F785 /* TextCryptUITests */,
			);
		};
/* End PBXProject section */

/* Begin PBXResourcesBuildPhase section */
		357FBB5C2B264F540090F785 /* Resources */ = {
			isa = PBXResourcesBuildPhase;
			buildActionMask = 2147483647;
			files = (
				357FBB712B264F560090F785 /* LaunchScreen.storyboard in Resources */,
				357FBB6E2B264F560090F785 /* Assets.xcassets in Resources */,
				357FBB692B264F540090F785 /* Main.storyboard in Resources */,
			);
			runOnlyForDeploymentPostprocessing = 0;
		};
		357FBB752B264F560090F785 /* Resources */ = {
			isa = PBXResourcesBuildPhase;
			buildActionMask = 2147483647;
			files = (
			);
			runOnlyForDeploymentPostprocessing = 0;
		};
		357FBB7F2B264F560090F785 /* Resources */ = {
			isa = PBXResourcesBuildPhase;
			buildActionMask = 2147483647;
			files = (
			);
			runOnlyForDeploymentPostprocessing = 0;
		};
/* End PBXResourcesBuildPhase section */

/* Begin PBXSourcesBuildPhase section */
		357FBB5A2B264F540090F785 /* Sources */ = {
			isa = PBXSourcesBuildPhase;
			buildActionMask = 2147483647;
			files = (
				357FBB662B264F540090F785 /* ViewController.swift in Sources */,
				357FBB6C2B264F540090F785 /* TextCrypt.xcdatamodeld in Sources */,
				357FBB952B264F820090F785 /* NoteDetailViewController.swift in Sources */,
				35AC3CE32B2F1EB500782A14 /* TableViewCell.swift in Sources */,
				357FBB622B264F540090F785 /* AppDelegate.swift in Sources */,
				357FBB642B264F540090F785 /* SceneDelegate.swift in Sources */,
			);
			runOnlyForDeploymentPostprocessing = 0;
		};
		357FBB732B264F560090F785 /* Sources */ = {
			isa = PBXSourcesBuildPhase;
			buildActionMask = 2147483647;
			files = (
				357FBB7C2B264F560090F785 /* TextCryptTests.swift in Sources */,
			);
			runOnlyForDeploymentPostprocessing = 0;
		};
		357FBB7D2B264F560090F785 /* Sources */ = {
			isa = PBXSourcesBuildPhase;
			buildActionMask = 2147483647;
			files = (
				357FBB882B264F560090F785 /* TextCryptUITestsLaunchTests.swift in Sources */,
				357FBB862B264F560090F785 /* TextCryptUITests.swift in Sources */,
			);
			runOnlyForDeploymentPostprocessing = 0;
		};
/* End PBXSourcesBuildPhase section */

/* Begin PBXTargetDependency section */
		357FBB792B264F560090F785 /* PBXTargetDependency */ = {
			isa = PBXTargetDependency;
			target = 357FBB5D2B264F540090F785 /* TextCrypt */;
			targetProxy = 357FBB782B264F560090F785 /* PBXContainerItemProxy */;
		};
		357FBB832B264F560090F785 /* PBXTargetDependency */ = {
			isa = PBXTargetDependency;
			target = 357FBB5D2B264F540090F785 /* TextCrypt */;
			targetProxy = 357FBB822B264F560090F785 /* PBXContainerItemProxy */;
		};
/* End PBXTargetDependency section */

/* Begin PBXVariantGroup section */
		357FBB672B264F540090F785 /* Main.storyboard */ = {
			isa = PBXVariantGroup;
			children = (
				357FBB682B264F540090F785 /* Base */,
			);
			name = Main.storyboard;
			sourceTree = "<group>";
		};
		357FBB6F2B264F560090F785 /* LaunchScreen.storyboard */ = {
			isa = PBXVariantGroup;
			children = (
				357FBB702B264F560090F785 /* Base */,
			);
			name = LaunchScreen.storyboard;
			sourceTree = "<group>";
		};
/* End PBXVariantGroup section */

/* Begin XCBuildConfiguration section */
		357FBB892B264F560090F785 /* Debug */ = {
			isa = XCBuildConfiguration;
			buildSettings = {
				ALWAYS_SEARCH_USER_PATHS = NO;
				ASSETCATALOG_COMPILER_GENERATE_SWIFT_ASSET_SYMBOL_EXTENSIONS = YES;
				CLANG_ANALYZER_NONNULL = YES;
				CLANG_ANALYZER_NUMBER_OBJECT_CONVERSION = YES_AGGRESSIVE;
				CLANG_CXX_LANGUAGE_STANDARD = "gnu++20";
				CLANG_ENABLE_MODULES = YES;
				CLANG_ENABLE_OBJC_ARC = YES;
				CLANG_ENABLE_OBJC_WEAK = YES;
				CLANG_WARN_BLOCK_CAPTURE_AUTORELEASING = YES;
				CLANG_WARN_BOOL_CONVERSION = YES;
				CLANG_WARN_COMMA = YES;
				CLANG_WARN_CONSTANT_CONVERSION = YES;
				CLANG_WARN_DEPRECATED_OBJC_IMPLEMENTATIONS = YES;
				CLANG_WARN_DIRECT_OBJC_ISA_USAGE = YES_ERROR;
				CLANG_WARN_DOCUMENTATION_COMMENTS = YES;
				CLANG_WARN_EMPTY_BODY = YES;
				CLANG_WARN_ENUM_CONVERSION = YES;
				CLANG_WARN_INFINITE_RECURSION = YES;
				CLANG_WARN_INT_CONVERSION = YES;
				CLANG_WARN_NON_LITERAL_NULL_CONVERSION = YES;
				CLANG_WARN_OBJC_IMPLICIT_RETAIN_SELF = YES;
				CLANG_WARN_OBJC_LITERAL_CONVERSION = YES;
				CLANG_WARN_OBJC_ROOT_CLASS = YES_ERROR;
				CLANG_WARN_QUOTED_INCLUDE_IN_FRAMEWORK_HEADER = YES;
				CLANG_WARN_RANGE_LOOP_ANALYSIS = YES;
				CLANG_WARN_STRICT_PROTOTYPES = YES;
				CLANG_WARN_SUSPICIOUS_MOVE = YES;
				CLANG_WARN_UNGUARDED_AVAILABILITY = YES_AGGRESSIVE;
				CLANG_WARN_UNREACHABLE_CODE = YES;
				CLANG_WARN__DUPLICATE_METHOD_MATCH = YES;
				COPY_PHASE_STRIP = NO;
				DEBUG_INFORMATION_FORMAT = dwarf;
				ENABLE_STRICT_OBJC_MSGSEND = YES;
				ENABLE_TESTABILITY = YES;
				ENABLE_USER_SCRIPT_SANDBOXING = YES;
				GCC_C_LANGUAGE_STANDARD = gnu17;
				GCC_DYNAMIC_NO_PIC = NO;
				GCC_NO_COMMON_BLOCKS = YES;
				GCC_OPTIMIZATION_LEVEL = 0;
				GCC_PREPROCESSOR_DEFINITIONS = (
					"DEBUG=1",
					"$(inherited)",
				);
				GCC_WARN_64_TO_32_BIT_CONVERSION = YES;
				GCC_WARN_ABOUT_RETURN_TYPE = YES_ERROR;
				GCC_WARN_UNDECLARED_SELECTOR = YES;
				GCC_WARN_UNINITIALIZED_AUTOS = YES_AGGRESSIVE;
				GCC_WARN_UNUSED_FUNCTION = YES;
				GCC_WARN_UNUSED_VARIABLE = YES;
				IPHONEOS_DEPLOYMENT_TARGET = 17.0;
				LOCALIZATION_PREFERS_STRING_CATALOGS = YES;
				MTL_ENABLE_DEBUG_INFO = INCLUDE_SOURCE;
				MTL_FAST_MATH = YES;
				ONLY_ACTIVE_ARCH = YES;
				SDKROOT = iphoneos;
				SWIFT_ACTIVE_COMPILATION_CONDITIONS = "DEBUG $(inherited)";
				SWIFT_OPTIMIZATION_LEVEL = "-Onone";
			};
			name = Debug;
		};
		357FBB8A2B264F560090F785 /* Release */ = {
			isa = XCBuildConfiguration;
			buildSettings = {
				ALWAYS_SEARCH_USER_PATHS = NO;
				ASSETCATALOG_COMPILER_GENERATE_SWIFT_ASSET_SYMBOL_EXTENSIONS = YES;
				CLANG_ANALYZER_NONNULL = YES;
				CLANG_ANALYZER_NUMBER_OBJECT_CONVERSION = YES_AGGRESSIVE;
				CLANG_CXX_LANGUAGE_STANDARD = "gnu++20";
				CLANG_ENABLE_MODULES = YES;
				CLANG_ENABLE_OBJC_ARC = YES;
				CLANG_ENABLE_OBJC_WEAK = YES;
				CLANG_WARN_BLOCK_CAPTURE_AUTORELEASING = YES;
				CLANG_WARN_BOOL_CONVERSION = YES;
				CLANG_WARN_COMMA = YES;
				CLANG_WARN_CONSTANT_CONVERSION = YES;
				CLANG_WARN_DEPRECATED_OBJC_IMPLEMENTATIONS = YES;
				CLANG_WARN_DIRECT_OBJC_ISA_USAGE = YES_ERROR;
				CLANG_WARN_DOCUMENTATION_COMMENTS = YES;
				CLANG_WARN_EMPTY_BODY = YES;
				CLANG_WARN_ENUM_CONVERSION = YES;
				CLANG_WARN_INFINITE_RECURSION = YES;
				CLANG_WARN_INT_CONVERSION = YES;
				CLANG_WARN_NON_LITERAL_NULL_CONVERSION = YES;
				CLANG_WARN_OBJC_IMPLICIT_RETAIN_SELF = YES;
				CLANG_WARN_OBJC_LITERAL_CONVERSION = YES;
				CLANG_WARN_OBJC_ROOT_CLASS = YES_ERROR;
				CLANG_WARN_QUOTED_INCLUDE_IN_FRAMEWORK_HEADER = YES;
				CLANG_WARN_RANGE_LOOP_ANALYSIS = YES;
				CLANG_WARN_STRICT_PROTOTYPES = YES;
				CLANG_WARN_SUSPICIOUS_MOVE = YES;
				CLANG_WARN_UNGUARDED_AVAILABILITY = YES_AGGRESSIVE;
				CLANG_WARN_UNREACHABLE_CODE = YES;
				CLANG_WARN__DUPLICATE_METHOD_MATCH = YES;
				COPY_PHASE_STRIP = NO;
				DEBUG_INFORMATION_FORMAT = "dwarf-with-dsym";
				ENABLE_NS_ASSERTIONS = NO;
				ENABLE_STRICT_OBJC_MSGSEND = YES;
				ENABLE_USER_SCRIPT_SANDBOXING = YES;
				GCC_C_LANGUAGE_STANDARD = gnu17;
				GCC_NO_COMMON_BLOCKS = YES;
				GCC_WARN_64_TO_32_BIT_CONVERSION = YES;
				GCC_WARN_ABOUT_RETURN_TYPE = YES_ERROR;
				GCC_WARN_UNDECLARED_SELECTOR = YES;
				GCC_WARN_UNINITIALIZED_AUTOS = YES_AGGRESSIVE;
				GCC_WARN_UNUSED_FUNCTION = YES;
				GCC_WARN_UNUSED_VARIABLE = YES;
				IPHONEOS_DEPLOYMENT_TARGET = 17.0;
				LOCALIZATION_PREFERS_STRING_CATALOGS = YES;
				MTL_ENABLE_DEBUG_INFO = NO;
				MTL_FAST_MATH = YES;
				SDKROOT = iphoneos;
				SWIFT_COMPILATION_MODE = wholemodule;
				VALIDATE_PRODUCT = YES;
			};
			name = Release;
		};
		357FBB8C2B264F560090F785 /* Debug */ = {
			isa = XCBuildConfiguration;
			buildSettings = {
				ASSETCATALOG_COMPILER_APPICON_NAME = AppIcon;
				ASSETCATALOG_COMPILER_GLOBAL_ACCENT_COLOR_NAME = AccentColor;
				CODE_SIGN_STYLE = Automatic;
				CURRENT_PROJECT_VERSION = 1;
				DEVELOPMENT_TEAM = UZWFQJ3AAN;
				GENERATE_INFOPLIST_FILE = YES;
				INFOPLIST_FILE = TextCrypt/Info.plist;
				INFOPLIST_KEY_UIApplicationSupportsIndirectInputEvents = YES;
				INFOPLIST_KEY_UILaunchStoryboardName = LaunchScreen;
				INFOPLIST_KEY_UIMainStoryboardFile = Main;
				INFOPLIST_KEY_UISupportedInterfaceOrientations_iPad = "UIInterfaceOrientationPortrait UIInterfaceOrientationPortraitUpsideDown UIInterfaceOrientationLandscapeLeft UIInterfaceOrientationLandscapeRight";
				INFOPLIST_KEY_UISupportedInterfaceOrientations_iPhone = "UIInterfaceOrientationPortrait UIInterfaceOrientationLandscapeLeft UIInterfaceOrientationLandscapeRight";
				LD_RUNPATH_SEARCH_PATHS = (
					"$(inherited)",
					"@executable_path/Frameworks",
				);
				MARKETING_VERSION = 1.0;
				PRODUCT_BUNDLE_IDENTIFIER = com.metevesek.TextCrypt;
				PRODUCT_NAME = "$(TARGET_NAME)";
				SWIFT_EMIT_LOC_STRINGS = YES;
				SWIFT_VERSION = 5.0;
				TARGETED_DEVICE_FAMILY = "1,2";
			};
			name = Debug;
		};
		357FBB8D2B264F560090F785 /* Release */ = {
			isa = XCBuildConfiguration;
			buildSettings = {
				ASSETCATALOG_COMPILER_APPICON_NAME = AppIcon;
				ASSETCATALOG_COMPILER_GLOBAL_ACCENT_COLOR_NAME = AccentColor;
				CODE_SIGN_STYLE = Automatic;
				CURRENT_PROJECT_VERSION = 1;
				DEVELOPMENT_TEAM = UZWFQJ3AAN;
				GENERATE_INFOPLIST_FILE = YES;
				INFOPLIST_FILE = TextCrypt/Info.plist;
				INFOPLIST_KEY_UIApplicationSupportsIndirectInputEvents = YES;
				INFOPLIST_KEY_UILaunchStoryboardName = LaunchScreen;
				INFOPLIST_KEY_UIMainStoryboardFile = Main;
				INFOPLIST_KEY_UISupportedInterfaceOrientations_iPad = "UIInterfaceOrientationPortrait UIInterfaceOrientationPortraitUpsideDown UIInterfaceOrientationLandscapeLeft UIInterfaceOrientationLandscapeRight";
				INFOPLIST_KEY_UISupportedInterfaceOrientations_iPhone = "UIInterfaceOrientationPortrait UIInterfaceOrientationLandscapeLeft UIInterfaceOrientationLandscapeRight";
				LD_RUNPATH_SEARCH_PATHS = (
					"$(inherited)",
					"@executable_path/Frameworks",
				);
				MARKETING_VERSION = 1.0;
				PRODUCT_BUNDLE_IDENTIFIER = com.metevesek.TextCrypt;
				PRODUCT_NAME = "$(TARGET_NAME)";
				SWIFT_EMIT_LOC_STRINGS = YES;
				SWIFT_VERSION = 5.0;
				TARGETED_DEVICE_FAMILY = "1,2";
			};
			name = Release;
		};
		357FBB8F2B264F560090F785 /* Debug */ = {
			isa = XCBuildConfiguration;
			buildSettings = {
				ALWAYS_EMBED_SWIFT_STANDARD_LIBRARIES = YES;
				BUNDLE_LOADER = "$(TEST_HOST)";
				CODE_SIGN_STYLE = Automatic;
				CURRENT_PROJECT_VERSION = 1;
				DEVELOPMENT_TEAM = UZWFQJ3AAN;
				GENERATE_INFOPLIST_FILE = YES;
				IPHONEOS_DEPLOYMENT_TARGET = 17.0;
				MARKETING_VERSION = 1.0;
				PRODUCT_BUNDLE_IDENTIFIER = com.metevesek.TextCryptTests;
				PRODUCT_NAME = "$(TARGET_NAME)";
				SWIFT_EMIT_LOC_STRINGS = NO;
				SWIFT_VERSION = 5.0;
				TARGETED_DEVICE_FAMILY = "1,2";
				TEST_HOST = "$(BUILT_PRODUCTS_DIR)/TextCrypt.app/$(BUNDLE_EXECUTABLE_FOLDER_PATH)/TextCrypt";
			};
			name = Debug;
		};
		357FBB902B264F560090F785 /* Release */ = {
			isa = XCBuildConfiguration;
			buildSettings = {
				ALWAYS_EMBED_SWIFT_STANDARD_LIBRARIES = YES;
				BUNDLE_LOADER = "$(TEST_HOST)";
				CODE_SIGN_STYLE = Automatic;
				CURRENT_PROJECT_VERSION = 1;
				DEVELOPMENT_TEAM = UZWFQJ3AAN;
				GENERATE_INFOPLIST_FILE = YES;
				IPHONEOS_DEPLOYMENT_TARGET = 17.0;
				MARKETING_VERSION = 1.0;
				PRODUCT_BUNDLE_IDENTIFIER = com.metevesek.TextCryptTests;
				PRODUCT_NAME = "$(TARGET_NAME)";
				SWIFT_EMIT_LOC_STRINGS = NO;
				SWIFT_VERSION = 5.0;
				TARGETED_DEVICE_FAMILY = "1,2";
				TEST_HOST = "$(BUILT_PRODUCTS_DIR)/TextCrypt.app/$(BUNDLE_EXECUTABLE_FOLDER_PATH)/TextCrypt";
			};
			name = Release;
		};
		357FBB922B264F560090F785 /* Debug */ = {
			isa = XCBuildConfiguration;
			buildSettings = {
				ALWAYS_EMBED_SWIFT_STANDARD_LIBRARIES = YES;
				CODE_SIGN_STYLE = Automatic;
				CURRENT_PROJECT_VERSION = 1;
				DEVELOPMENT_TEAM = UZWFQJ3AAN;
				GENERATE_INFOPLIST_FILE = YES;
				MARKETING_VERSION = 1.0;
				PRODUCT_BUNDLE_IDENTIFIER = com.metevesek.TextCryptUITests;
				PRODUCT_NAME = "$(TARGET_NAME)";
				SWIFT_EMIT_LOC_STRINGS = NO;
				SWIFT_VERSION = 5.0;
				TARGETED_DEVICE_FAMILY = "1,2";
				TEST_TARGET_NAME = TextCrypt;
			};
			name = Debug;
		};
		357FBB932B264F560090F785 /* Release */ = {
			isa = XCBuildConfiguration;
			buildSettings = {
				ALWAYS_EMBED_SWIFT_STANDARD_LIBRARIES = YES;
				CODE_SIGN_STYLE = Automatic;
				CURRENT_PROJECT_VERSION = 1;
				DEVELOPMENT_TEAM = UZWFQJ3AAN;
				GENERATE_INFOPLIST_FILE = YES;
				MARKETING_VERSION = 1.0;
				PRODUCT_BUNDLE_IDENTIFIER = com.metevesek.TextCryptUITests;
				PRODUCT_NAME = "$(TARGET_NAME)";
				SWIFT_EMIT_LOC_STRINGS = NO;
				SWIFT_VERSION = 5.0;
				TARGETED_DEVICE_FAMILY = "1,2";
				TEST_TARGET_NAME = TextCrypt;
			};
			name = Release;
		};
/* End XCBuildConfiguration section */

/* Begin XCConfigurationList section */
		357FBB592B264F540090F785 /* Build configuration list for PBXProject "TextCrypt" */ = {
			isa = XCConfigurationList;
			buildConfigurations = (
				357FBB892B264F560090F785 /* Debug */,
				357FBB8A2B264F560090F785 /* Release */,
			);
			defaultConfigurationIsVisible = 0;
			defaultConfigurationName = Release;
		};
		357FBB8B2B264F560090F785 /* Build configuration list for PBXNativeTarget "TextCrypt" */ = {
			isa = XCConfigurationList;
			buildConfigurations = (
				357FBB8C2B264F560090F785 /* Debug */,
				357FBB8D2B264F560090F785 /* Release */,
			);
			defaultConfigurationIsVisible = 0;
			defaultConfigurationName = Release;
		};
		357FBB8E2B264F560090F785 /* Build configuration list for PBXNativeTarget "TextCryptTests" */ = {
			isa = XCConfigurationList;
			buildConfigurations = (
				357FBB8F2B264F560090F785 /* Debug */,
				357FBB902B264F560090F785 /* Release */,
			);
			defaultConfigurationIsVisible = 0;
			defaultConfigurationName = Release;
		};
		357FBB912B264F560090F785 /* Build configuration list for PBXNativeTarget "TextCryptUITests" */ = {
			isa = XCConfigurationList;
			buildConfigurations = (
				357FBB922B264F560090F785 /* Debug */,
				357FBB932B264F560090F785 /* Release */,
			);
			defaultConfigurationIsVisible = 0;
			defaultConfigurationName = Release;
		};
/* End XCConfigurationList section */

/* Begin XCVersionGroup section */
		357FBB6A2B264F540090F785 /* TextCrypt.xcdatamodeld */ = {
			isa = XCVersionGroup;
			children = (
				357FBB6B2B264F540090F785 /* TextCrypt.xcdatamodel */,
			);
			currentVersion = 357FBB6B2B264F540090F785 /* TextCrypt.xcdatamodel */;
			path = TextCrypt.xcdatamodeld;
			sourceTree = "<group>";
			versionGroupType = wrapper.xcdatamodel;
		};
/* End XCVersionGroup section */
	};
	rootObject = 357FBB562B264F540090F785 /* Project object */;
}
